Microsoft Visual Studio Solution File, Format Version 12.00
# Visual Studio Version 17
VisualStudioVersion = 17.0.31903.59
MinimumVisualStudioVersion = 10.0.40219.1
Project("{2150E333-8FDC-42A3-9474-1A3956D46DE8}") = "assets", "assets", "{A5D24224-3FF7-4774-93DD-A02A49E871C8}"
	ProjectSection(SolutionItems) = preProject
		assets\input.txt = ../assets/input.txt
		assets\sample.txt = ../assets/sample.txt
		assets\sample-2.txt = ../assets/sample-2.txt
	EndProjectSection
EndProject
Project("{2150E333-8FDC-42A3-9474-1A3956D46DE8}") = "Solution Items", "Solution Items", "{E152AE8A-3F8B-42EE-9A6B-11DF27E9DED1}"
	ProjectSection(SolutionItems) = preProject
		.editorconfig = .editorconfig
		.globalconfig = .globalconfig
		Directory.Build.props = Directory.Build.props
		Directory.Packages.props = Directory.Packages.props
		global.json = global.json
	EndProjectSection
EndProject
Project("{2150E333-8FDC-42A3-9474-1A3956D46DE8}") = "src", "src", "{D150E321-5F7C-4E6C-9F1C-2944AD40DDFD}"
	ProjectSection(SolutionItems) = preProject
		src\Directory.Build.props = src\Directory.Build.props
	EndProjectSection
EndProject
Project("{2150E333-8FDC-42A3-9474-1A3956D46DE8}") = "tests", "tests", "{D2F2F0E6-90CF-4666-ADA3-AE3AEBA7E5E5}"
	ProjectSection(SolutionItems) = preProject
		tests\.editorconfig = tests\.editorconfig
		tests\Directory.Build.props = tests\Directory.Build.props
	EndProjectSection
EndProject
Project("{FAE04EC0-301F-11D3-BF4B-00C04F79EFBC}") = "AdventOfCode2024.Puzzles", "src\AdventOfCode2024.Puzzles\AdventOfCode2024.Puzzles.csproj", "{5F18E696-0BAD-4D84-9217-B8DA04156EF8}"
EndProject
Project("{FAE04EC0-301F-11D3-BF4B-00C04F79EFBC}") = "Tests.Puzzles", "tests\Tests.Puzzles\Tests.Puzzles.csproj", "{C24D2819-96B2-4794-9AEA-CBCC0C52BBF8}"
EndProject
Project("{FAE04EC0-301F-11D3-BF4B-00C04F79EFBC}") = "AdventOfCode2024.App", "src\AdventOfCode2024.App\AdventOfCode2024.App.csproj", "{9C42BA79-B69C-48E4-908F-395D763514FA}"
EndProject
Global
	GlobalSection(SolutionConfigurationPlatforms) = preSolution
		Debug|Any CPU = Debug|Any CPU
		Release|Any CPU = Release|Any CPU
	EndGlobalSection
	GlobalSection(SolutionProperties) = preSolution
		HideSolutionNode = FALSE
	EndGlobalSection
	GlobalSection(ProjectConfigurationPlatforms) = postSolution
		{5F18E696-0BAD-4D84-9217-B8DA04156EF8}.Debug|Any CPU.ActiveCfg = Debug|Any CPU
		{5F18E696-0BAD-4D84-9217-B8DA04156EF8}.Debug|Any CPU.Build.0 = Debug|Any CPU
		{5F18E696-0BAD-4D84-9217-B8DA04156EF8}.Release|Any CPU.ActiveCfg = Release|Any CPU
		{5F18E696-0BAD-4D84-9217-B8DA04156EF8}.Release|Any CPU.Build.0 = Release|Any CPU
		{C24D2819-96B2-4794-9AEA-CBCC0C52BBF8}.Debug|Any CPU.ActiveCfg = Debug|Any CPU
		{C24D2819-96B2-4794-9AEA-CBCC0C52BBF8}.Debug|Any CPU.Build.0 = Debug|Any CPU
		{C24D2819-96B2-4794-9AEA-CBCC0C52BBF8}.Release|Any CPU.ActiveCfg = Release|Any CPU
		{C24D2819-96B2-4794-9AEA-CBCC0C52BBF8}.Release|Any CPU.Build.0 = Release|Any CPU
		{9C42BA79-B69C-48E4-908F-395D763514FA}.Debug|Any CPU.ActiveCfg = Debug|Any CPU
		{9C42BA79-B69C-48E4-908F-395D763514FA}.Debug|Any CPU.Build.0 = Debug|Any CPU
		{9C42BA79-B69C-48E4-908F-395D763514FA}.Release|Any CPU.ActiveCfg = Release|Any CPU
		{9C42BA79-B69C-48E4-908F-395D763514FA}.Release|Any CPU.Build.0 = Release|Any CPU
	EndGlobalSection
	GlobalSection(NestedProjects) = preSolution
		{5F18E696-0BAD-4D84-9217-B8DA04156EF8} = {D150E321-5F7C-4E6C-9F1C-2944AD40DDFD}
		{C24D2819-96B2-4794-9AEA-CBCC0C52BBF8} = {D2F2F0E6-90CF-4666-ADA3-AE3AEBA7E5E5}
		{9C42BA79-B69C-48E4-908F-395D763514FA} = {D150E321-5F7C-4E6C-9F1C-2944AD40DDFD}
	EndGlobalSection
EndGlobal
